// !$*UTF8*$!
{
	archiveVersion = 1;
	classes = {
	};
	objectVersion = 46;
	objects = {

/* Begin PBXBuildFile section */
		40039DFD18E7960C0070975C /* SOAPEngine64.framework in Frameworks */ = {isa = PBXBuildFile; fileRef = 40039DFC18E7960C0070975C /* SOAPEngine64.framework */; };
		4013325918E764F700B36321 /* Security.framework in Frameworks */ = {isa = PBXBuildFile; fileRef = 4013325818E764F700B36321 /* Security.framework */; };
		4013325B18E7651700B36321 /* libxml2.dylib in Frameworks */ = {isa = PBXBuildFile; fileRef = 4013325A18E7651700B36321 /* libxml2.dylib */; };
		407D45AB194668BF002E7278 /* GoogleMaps.framework in Frameworks */ = {isa = PBXBuildFile; fileRef = 407D45AA194668BF002E7278 /* GoogleMaps.framework */; };
		407D45AD1946696C002E7278 /* GoogleMaps.bundle in Resources */ = {isa = PBXBuildFile; fileRef = 407D45AC1946696C002E7278 /* GoogleMaps.bundle */; };
		40CAF71B196D879700676DDC /* BKBuildingMenuViewController.m in Sources */ = {isa = PBXBuildFile; fileRef = 40CAF719196D879700676DDC /* BKBuildingMenuViewController.m */; };
		40CAF71C196D879700676DDC /* BKBuildingMenuViewController.xib in Resources */ = {isa = PBXBuildFile; fileRef = 40CAF71A196D879700676DDC /* BKBuildingMenuViewController.xib */; };
		40CE6938194B7AD1003FCEF0 /* Reachability.m in Sources */ = {isa = PBXBuildFile; fileRef = 40CE6937194B7AD1003FCEF0 /* Reachability.m */; };
		40E74C3319A2574D00E796B4 /* iRate.bundle in Resources */ = {isa = PBXBuildFile; fileRef = 40E74C3019A2574D00E796B4 /* iRate.bundle */; };
		40E74C3419A2574D00E796B4 /* iRate.m in Sources */ = {isa = PBXBuildFile; fileRef = 40E74C3219A2574D00E796B4 /* iRate.m */; };
		40E9A60318FE2D2B006FFA6A /* BKRoomViewController.m in Sources */ = {isa = PBXBuildFile; fileRef = 40E9A60118FE2D2B006FFA6A /* BKRoomViewController.m */; };
		40E9A60418FE2D2B006FFA6A /* BKRoomViewController.xib in Resources */ = {isa = PBXBuildFile; fileRef = 40E9A60218FE2D2B006FFA6A /* BKRoomViewController.xib */; };
		40FB74EA18D7DF3B007AA208 /* Foundation.framework in Frameworks */ = {isa = PBXBuildFile; fileRef = 40FB74E918D7DF3B007AA208 /* Foundation.framework */; };
		40FB74EC18D7DF3B007AA208 /* CoreGraphics.framework in Frameworks */ = {isa = PBXBuildFile; fileRef = 40FB74EB18D7DF3B007AA208 /* CoreGraphics.framework */; };
		40FB74EE18D7DF3B007AA208 /* UIKit.framework in Frameworks */ = {isa = PBXBuildFile; fileRef = 40FB74ED18D7DF3B007AA208 /* UIKit.framework */; };
		40FB74F418D7DF3B007AA208 /* InfoPlist.strings in Resources */ = {isa = PBXBuildFile; fileRef = 40FB74F218D7DF3B007AA208 /* InfoPlist.strings */; };
		40FB74F618D7DF3B007AA208 /* main.m in Sources */ = {isa = PBXBuildFile; fileRef = 40FB74F518D7DF3B007AA208 /* main.m */; };
		40FB74FA18D7DF3B007AA208 /* BKAppDelegate.m in Sources */ = {isa = PBXBuildFile; fileRef = 40FB74F918D7DF3B007AA208 /* BKAppDelegate.m */; };
		40FB74FC18D7DF3B007AA208 /* Images.xcassets in Resources */ = {isa = PBXBuildFile; fileRef = 40FB74FB18D7DF3B007AA208 /* Images.xcassets */; };
		40FB750318D7DF3B007AA208 /* XCTest.framework in Frameworks */ = {isa = PBXBuildFile; fileRef = 40FB750218D7DF3B007AA208 /* XCTest.framework */; };
		40FB750418D7DF3B007AA208 /* Foundation.framework in Frameworks */ = {isa = PBXBuildFile; fileRef = 40FB74E918D7DF3B007AA208 /* Foundation.framework */; };
		40FB750518D7DF3B007AA208 /* UIKit.framework in Frameworks */ = {isa = PBXBuildFile; fileRef = 40FB74ED18D7DF3B007AA208 /* UIKit.framework */; };
		40FB750D18D7DF3B007AA208 /* InfoPlist.strings in Resources */ = {isa = PBXBuildFile; fileRef = 40FB750B18D7DF3B007AA208 /* InfoPlist.strings */; };
		40FB750F18D7DF3B007AA208 /* ComputerAvailCheckTests.m in Sources */ = {isa = PBXBuildFile; fileRef = 40FB750E18D7DF3B007AA208 /* ComputerAvailCheckTests.m */; };
		40FB751B18D7DFAB007AA208 /* BKMapViewController.m in Sources */ = {isa = PBXBuildFile; fileRef = 40FB751918D7DFAB007AA208 /* BKMapViewController.m */; };
		40FB752218D7E4D2007AA208 /* AVFoundation.framework in Frameworks */ = {isa = PBXBuildFile; fileRef = 40FB752118D7E4D2007AA208 /* AVFoundation.framework */; };
		40FB752618D7E4EE007AA208 /* CoreData.framework in Frameworks */ = {isa = PBXBuildFile; fileRef = 40FB752318D7E4EE007AA208 /* CoreData.framework */; };
		40FB752718D7E4EE007AA208 /* CoreLocation.framework in Frameworks */ = {isa = PBXBuildFile; fileRef = 40FB752418D7E4EE007AA208 /* CoreLocation.framework */; };
		40FB752818D7E4EE007AA208 /* CoreText.framework in Frameworks */ = {isa = PBXBuildFile; fileRef = 40FB752518D7E4EE007AA208 /* CoreText.framework */; };
		40FB752A18D7E4FF007AA208 /* GLKit.framework in Frameworks */ = {isa = PBXBuildFile; fileRef = 40FB752918D7E4FF007AA208 /* GLKit.framework */; };
		40FB752C18D7E50E007AA208 /* ImageIO.framework in Frameworks */ = {isa = PBXBuildFile; fileRef = 40FB752B18D7E50E007AA208 /* ImageIO.framework */; };
		40FB752E18D7E521007AA208 /* libc++.dylib in Frameworks */ = {isa = PBXBuildFile; fileRef = 40FB752D18D7E521007AA208 /* libc++.dylib */; };
		40FB753018D7E52C007AA208 /* libicucore.dylib in Frameworks */ = {isa = PBXBuildFile; fileRef = 40FB752F18D7E52C007AA208 /* libicucore.dylib */; };
		40FB753218D7E535007AA208 /* libz.dylib in Frameworks */ = {isa = PBXBuildFile; fileRef = 40FB753118D7E535007AA208 /* libz.dylib */; };
		40FB753418D7E53B007AA208 /* OpenGLES.framework in Frameworks */ = {isa = PBXBuildFile; fileRef = 40FB753318D7E53B007AA208 /* OpenGLES.framework */; };
		40FB753618D7E545007AA208 /* QuartzCore.framework in Frameworks */ = {isa = PBXBuildFile; fileRef = 40FB753518D7E545007AA208 /* QuartzCore.framework */; };
		40FB753818D7E551007AA208 /* SystemConfiguration.framework in Frameworks */ = {isa = PBXBuildFile; fileRef = 40FB753718D7E551007AA208 /* SystemConfiguration.framework */; };
		AD286BBA135E0224678D29F4 /* libPods.a in Frameworks */ = {isa = PBXBuildFile; fileRef = 8A75799A362C60894F7D4320 /* libPods.a */; };
/* End PBXBuildFile section */

/* Begin PBXContainerItemProxy section */
		40FB750618D7DF3B007AA208 /* PBXContainerItemProxy */ = {
			isa = PBXContainerItemProxy;
			containerPortal = 40FB74DE18D7DF3B007AA208 /* Project object */;
			proxyType = 1;
			remoteGlobalIDString = 40FB74E518D7DF3B007AA208;
			remoteInfo = ComputerAvailCheck;
		};
/* End PBXContainerItemProxy section */

/* Begin PBXFileReference section */
		40039DFC18E7960C0070975C /* SOAPEngine64.framework */ = {isa = PBXFileReference; lastKnownFileType = wrapper.framework; path = SOAPEngine64.framework; sourceTree = "<group>"; };
		4013325818E764F700B36321 /* Security.framework */ = {isa = PBXFileReference; lastKnownFileType = wrapper.framework; name = Security.framework; path = System/Library/Frameworks/Security.framework; sourceTree = SDKROOT; };
		4013325A18E7651700B36321 /* libxml2.dylib */ = {isa = PBXFileReference; lastKnownFileType = "compiled.mach-o.dylib"; name = libxml2.dylib; path = usr/lib/libxml2.dylib; sourceTree = SDKROOT; };
		407D45AA194668BF002E7278 /* GoogleMaps.framework */ = {isa = PBXFileReference; lastKnownFileType = wrapper.framework; path = GoogleMaps.framework; sourceTree = "<group>"; };
		407D45AC1946696C002E7278 /* GoogleMaps.bundle */ = {isa = PBXFileReference; lastKnownFileType = "wrapper.plug-in"; name = GoogleMaps.bundle; path = GoogleMaps.framework/Versions/A/Resources/GoogleMaps.bundle; sourceTree = "<group>"; };
		40CAF718196D879700676DDC /* BKBuildingMenuViewController.h */ = {isa = PBXFileReference; fileEncoding = 4; lastKnownFileType = sourcecode.c.h; path = BKBuildingMenuViewController.h; sourceTree = "<group>"; };
		40CAF719196D879700676DDC /* BKBuildingMenuViewController.m */ = {isa = PBXFileReference; fileEncoding = 4; lastKnownFileType = sourcecode.c.objc; path = BKBuildingMenuViewController.m; sourceTree = "<group>"; };
		40CAF71A196D879700676DDC /* BKBuildingMenuViewController.xib */ = {isa = PBXFileReference; fileEncoding = 4; lastKnownFileType = file.xib; path = BKBuildingMenuViewController.xib; sourceTree = "<group>"; };
		40CE6936194B7AD1003FCEF0 /* Reachability.h */ = {isa = PBXFileReference; fileEncoding = 4; lastKnownFileType = sourcecode.c.h; path = Reachability.h; sourceTree = "<group>"; };
		40CE6937194B7AD1003FCEF0 /* Reachability.m */ = {isa = PBXFileReference; fileEncoding = 4; lastKnownFileType = sourcecode.c.objc; path = Reachability.m; sourceTree = "<group>"; };
		40E74C3019A2574D00E796B4 /* iRate.bundle */ = {isa = PBXFileReference; lastKnownFileType = "wrapper.plug-in"; path = iRate.bundle; sourceTree = "<group>"; };
		40E74C3119A2574D00E796B4 /* iRate.h */ = {isa = PBXFileReference; fileEncoding = 4; lastKnownFileType = sourcecode.c.h; path = iRate.h; sourceTree = "<group>"; };
		40E74C3219A2574D00E796B4 /* iRate.m */ = {isa = PBXFileReference; fileEncoding = 4; lastKnownFileType = sourcecode.c.objc; path = iRate.m; sourceTree = "<group>"; };
		40E9A60018FE2D2B006FFA6A /* BKRoomViewController.h */ = {isa = PBXFileReference; fileEncoding = 4; lastKnownFileType = sourcecode.c.h; path = BKRoomViewController.h; sourceTree = "<group>"; };
		40E9A60118FE2D2B006FFA6A /* BKRoomViewController.m */ = {isa = PBXFileReference; fileEncoding = 4; lastKnownFileType = sourcecode.c.objc; path = BKRoomViewController.m; sourceTree = "<group>"; };
		40E9A60218FE2D2B006FFA6A /* BKRoomViewController.xib */ = {isa = PBXFileReference; fileEncoding = 4; lastKnownFileType = file.xib; path = BKRoomViewController.xib; sourceTree = "<group>"; };
		40FB74E618D7DF3B007AA208 /* ComputerAvailCheck.app */ = {isa = PBXFileReference; explicitFileType = wrapper.application; includeInIndex = 0; path = ComputerAvailCheck.app; sourceTree = BUILT_PRODUCTS_DIR; };
		40FB74E918D7DF3B007AA208 /* Foundation.framework */ = {isa = PBXFileReference; lastKnownFileType = wrapper.framework; name = Foundation.framework; path = System/Library/Frameworks/Foundation.framework; sourceTree = SDKROOT; };
		40FB74EB18D7DF3B007AA208 /* CoreGraphics.framework */ = {isa = PBXFileReference; lastKnownFileType = wrapper.framework; name = CoreGraphics.framework; path = System/Library/Frameworks/CoreGraphics.framework; sourceTree = SDKROOT; };
		40FB74ED18D7DF3B007AA208 /* UIKit.framework */ = {isa = PBXFileReference; lastKnownFileType = wrapper.framework; name = UIKit.framework; path = System/Library/Frameworks/UIKit.framework; sourceTree = SDKROOT; };
		40FB74F118D7DF3B007AA208 /* ComputerAvailCheck-Info.plist */ = {isa = PBXFileReference; lastKnownFileType = text.plist.xml; path = "ComputerAvailCheck-Info.plist"; sourceTree = "<group>"; };
		40FB74F318D7DF3B007AA208 /* en */ = {isa = PBXFileReference; lastKnownFileType = text.plist.strings; name = en; path = en.lproj/InfoPlist.strings; sourceTree = "<group>"; };
		40FB74F518D7DF3B007AA208 /* main.m */ = {isa = PBXFileReference; lastKnownFileType = sourcecode.c.objc; path = main.m; sourceTree = "<group>"; };
		40FB74F718D7DF3B007AA208 /* ComputerAvailCheck-Prefix.pch */ = {isa = PBXFileReference; lastKnownFileType = sourcecode.c.h; path = "ComputerAvailCheck-Prefix.pch"; sourceTree = "<group>"; };
		40FB74F818D7DF3B007AA208 /* BKAppDelegate.h */ = {isa = PBXFileReference; lastKnownFileType = sourcecode.c.h; path = BKAppDelegate.h; sourceTree = "<group>"; };
		40FB74F918D7DF3B007AA208 /* BKAppDelegate.m */ = {isa = PBXFileReference; lastKnownFileType = sourcecode.c.objc; path = BKAppDelegate.m; sourceTree = "<group>"; };
		40FB74FB18D7DF3B007AA208 /* Images.xcassets */ = {isa = PBXFileReference; lastKnownFileType = folder.assetcatalog; path = Images.xcassets; sourceTree = "<group>"; };
		40FB750118D7DF3B007AA208 /* ComputerAvailCheckTests.xctest */ = {isa = PBXFileReference; explicitFileType = wrapper.cfbundle; includeInIndex = 0; path = ComputerAvailCheckTests.xctest; sourceTree = BUILT_PRODUCTS_DIR; };
		40FB750218D7DF3B007AA208 /* XCTest.framework */ = {isa = PBXFileReference; lastKnownFileType = wrapper.framework; name = XCTest.framework; path = Library/Frameworks/XCTest.framework; sourceTree = DEVELOPER_DIR; };
		40FB750A18D7DF3B007AA208 /* ComputerAvailCheckTests-Info.plist */ = {isa = PBXFileReference; lastKnownFileType = text.plist.xml; path = "ComputerAvailCheckTests-Info.plist"; sourceTree = "<group>"; };
		40FB750C18D7DF3B007AA208 /* en */ = {isa = PBXFileReference; lastKnownFileType = text.plist.strings; name = en; path = en.lproj/InfoPlist.strings; sourceTree = "<group>"; };
		40FB750E18D7DF3B007AA208 /* ComputerAvailCheckTests.m */ = {isa = PBXFileReference; lastKnownFileType = sourcecode.c.objc; path = ComputerAvailCheckTests.m; sourceTree = "<group>"; };
		40FB751818D7DFAB007AA208 /* BKMapViewController.h */ = {isa = PBXFileReference; fileEncoding = 4; lastKnownFileType = sourcecode.c.h; path = BKMapViewController.h; sourceTree = "<group>"; };
		40FB751918D7DFAB007AA208 /* BKMapViewController.m */ = {isa = PBXFileReference; fileEncoding = 4; lastKnownFileType = sourcecode.c.objc; path = BKMapViewController.m; sourceTree = "<group>"; };
		40FB752118D7E4D2007AA208 /* AVFoundation.framework */ = {isa = PBXFileReference; lastKnownFileType = wrapper.framework; name = AVFoundation.framework; path = System/Library/Frameworks/AVFoundation.framework; sourceTree = SDKROOT; };
		40FB752318D7E4EE007AA208 /* CoreData.framework */ = {isa = PBXFileReference; lastKnownFileType = wrapper.framework; name = CoreData.framework; path = System/Library/Frameworks/CoreData.framework; sourceTree = SDKROOT; };
		40FB752418D7E4EE007AA208 /* CoreLocation.framework */ = {isa = PBXFileReference; lastKnownFileType = wrapper.framework; name = CoreLocation.framework; path = System/Library/Frameworks/CoreLocation.framework; sourceTree = SDKROOT; };
		40FB752518D7E4EE007AA208 /* CoreText.framework */ = {isa = PBXFileReference; lastKnownFileType = wrapper.framework; name = CoreText.framework; path = System/Library/Frameworks/CoreText.framework; sourceTree = SDKROOT; };
		40FB752918D7E4FF007AA208 /* GLKit.framework */ = {isa = PBXFileReference; lastKnownFileType = wrapper.framework; name = GLKit.framework; path = System/Library/Frameworks/GLKit.framework; sourceTree = SDKROOT; };
		40FB752B18D7E50E007AA208 /* ImageIO.framework */ = {isa = PBXFileReference; lastKnownFileType = wrapper.framework; name = ImageIO.framework; path = System/Library/Frameworks/ImageIO.framework; sourceTree = SDKROOT; };
		40FB752D18D7E521007AA208 /* libc++.dylib */ = {isa = PBXFileReference; lastKnownFileType = "compiled.mach-o.dylib"; name = "libc++.dylib"; path = "usr/lib/libc++.dylib"; sourceTree = SDKROOT; };
		40FB752F18D7E52C007AA208 /* libicucore.dylib */ = {isa = PBXFileReference; lastKnownFileType = "compiled.mach-o.dylib"; name = libicucore.dylib; path = usr/lib/libicucore.dylib; sourceTree = SDKROOT; };
		40FB753118D7E535007AA208 /* libz.dylib */ = {isa = PBXFileReference; lastKnownFileType = "compiled.mach-o.dylib"; name = libz.dylib; path = usr/lib/libz.dylib; sourceTree = SDKROOT; };
		40FB753318D7E53B007AA208 /* OpenGLES.framework */ = {isa = PBXFileReference; lastKnownFileType = wrapper.framework; name = OpenGLES.framework; path = System/Library/Frameworks/OpenGLES.framework; sourceTree = SDKROOT; };
		40FB753518D7E545007AA208 /* QuartzCore.framework */ = {isa = PBXFileReference; lastKnownFileType = wrapper.framework; name = QuartzCore.framework; path = System/Library/Frameworks/QuartzCore.framework; sourceTree = SDKROOT; };
		40FB753718D7E551007AA208 /* SystemConfiguration.framework */ = {isa = PBXFileReference; lastKnownFileType = wrapper.framework; name = SystemConfiguration.framework; path = System/Library/Frameworks/SystemConfiguration.framework; sourceTree = SDKROOT; };
		8A75799A362C60894F7D4320 /* libPods.a */ = {isa = PBXFileReference; explicitFileType = archive.ar; includeInIndex = 0; path = libPods.a; sourceTree = BUILT_PRODUCTS_DIR; };
		94D43E2F64C412AC49BCCAF2 /* Pods.debug.xcconfig */ = {isa = PBXFileReference; includeInIndex = 1; lastKnownFileType = text.xcconfig; name = Pods.debug.xcconfig; path = "Pods/Target Support Files/Pods/Pods.debug.xcconfig"; sourceTree = "<group>"; };
		CF1F25C50261A4414A14B3F9 /* Pods.release.xcconfig */ = {isa = PBXFileReference; includeInIndex = 1; lastKnownFileType = text.xcconfig; name = Pods.release.xcconfig; path = "Pods/Target Support Files/Pods/Pods.release.xcconfig"; sourceTree = "<group>"; };
/* End PBXFileReference section */

/* Begin PBXFrameworksBuildPhase section */
		40FB74E318D7DF3B007AA208 /* Frameworks */ = {
			isa = PBXFrameworksBuildPhase;
			buildActionMask = 2147483647;
			files = (
				407D45AB194668BF002E7278 /* GoogleMaps.framework in Frameworks */,
				4013325B18E7651700B36321 /* libxml2.dylib in Frameworks */,
				4013325918E764F700B36321 /* Security.framework in Frameworks */,
				40FB753818D7E551007AA208 /* SystemConfiguration.framework in Frameworks */,
				40FB753618D7E545007AA208 /* QuartzCore.framework in Frameworks */,
				40FB753418D7E53B007AA208 /* OpenGLES.framework in Frameworks */,
				40039DFD18E7960C0070975C /* SOAPEngine64.framework in Frameworks */,
				40FB753218D7E535007AA208 /* libz.dylib in Frameworks */,
				40FB753018D7E52C007AA208 /* libicucore.dylib in Frameworks */,
				40FB752E18D7E521007AA208 /* libc++.dylib in Frameworks */,
				40FB752C18D7E50E007AA208 /* ImageIO.framework in Frameworks */,
				40FB752A18D7E4FF007AA208 /* GLKit.framework in Frameworks */,
				40FB752618D7E4EE007AA208 /* CoreData.framework in Frameworks */,
				40FB752718D7E4EE007AA208 /* CoreLocation.framework in Frameworks */,
				40FB752818D7E4EE007AA208 /* CoreText.framework in Frameworks */,
				40FB752218D7E4D2007AA208 /* AVFoundation.framework in Frameworks */,
				40FB74EC18D7DF3B007AA208 /* CoreGraphics.framework in Frameworks */,
				40FB74EE18D7DF3B007AA208 /* UIKit.framework in Frameworks */,
				40FB74EA18D7DF3B007AA208 /* Foundation.framework in Frameworks */,
				AD286BBA135E0224678D29F4 /* libPods.a in Frameworks */,
			);
			runOnlyForDeploymentPostprocessing = 0;
		};
		40FB74FE18D7DF3B007AA208 /* Frameworks */ = {
			isa = PBXFrameworksBuildPhase;
			buildActionMask = 2147483647;
			files = (
				40FB750318D7DF3B007AA208 /* XCTest.framework in Frameworks */,
				40FB750518D7DF3B007AA208 /* UIKit.framework in Frameworks */,
				40FB750418D7DF3B007AA208 /* Foundation.framework in Frameworks */,
			);
			runOnlyForDeploymentPostprocessing = 0;
		};
/* End PBXFrameworksBuildPhase section */

/* Begin PBXGroup section */
		40E74C2F19A2574D00E796B4 /* iRate */ = {
			isa = PBXGroup;
			children = (
				40E74C3019A2574D00E796B4 /* iRate.bundle */,
				40E74C3119A2574D00E796B4 /* iRate.h */,
				40E74C3219A2574D00E796B4 /* iRate.m */,
			);
			path = iRate;
			sourceTree = "<group>";
		};
		40FB74DD18D7DF3B007AA208 = {
			isa = PBXGroup;
			children = (
				40FB74EF18D7DF3B007AA208 /* ComputerAvailCheck */,
				40FB750818D7DF3B007AA208 /* ComputerAvailCheckTests */,
				40FB74E818D7DF3B007AA208 /* Frameworks */,
				40FB74E718D7DF3B007AA208 /* Products */,
				DBD021B1B37DD37188EF8D3D /* Pods */,
			);
			sourceTree = "<group>";
		};
		40FB74E718D7DF3B007AA208 /* Products */ = {
			isa = PBXGroup;
			children = (
				40FB74E618D7DF3B007AA208 /* ComputerAvailCheck.app */,
				40FB750118D7DF3B007AA208 /* ComputerAvailCheckTests.xctest */,
			);
			name = Products;
			sourceTree = "<group>";
		};
		40FB74E818D7DF3B007AA208 /* Frameworks */ = {
			isa = PBXGroup;
			children = (
				407D45AC1946696C002E7278 /* GoogleMaps.bundle */,
				407D45AA194668BF002E7278 /* GoogleMaps.framework */,
				40039DFC18E7960C0070975C /* SOAPEngine64.framework */,
				4013325A18E7651700B36321 /* libxml2.dylib */,
				4013325818E764F700B36321 /* Security.framework */,
				40FB753718D7E551007AA208 /* SystemConfiguration.framework */,
				40FB753518D7E545007AA208 /* QuartzCore.framework */,
				40FB753318D7E53B007AA208 /* OpenGLES.framework */,
				40FB753118D7E535007AA208 /* libz.dylib */,
				40FB752F18D7E52C007AA208 /* libicucore.dylib */,
				40FB752D18D7E521007AA208 /* libc++.dylib */,
				40FB752B18D7E50E007AA208 /* ImageIO.framework */,
				40FB752918D7E4FF007AA208 /* GLKit.framework */,
				40FB752318D7E4EE007AA208 /* CoreData.framework */,
				40FB752418D7E4EE007AA208 /* CoreLocation.framework */,
				40FB752518D7E4EE007AA208 /* CoreText.framework */,
				40FB752118D7E4D2007AA208 /* AVFoundation.framework */,
				40FB74E918D7DF3B007AA208 /* Foundation.framework */,
				40FB74EB18D7DF3B007AA208 /* CoreGraphics.framework */,
				40FB74ED18D7DF3B007AA208 /* UIKit.framework */,
				40FB750218D7DF3B007AA208 /* XCTest.framework */,
				8A75799A362C60894F7D4320 /* libPods.a */,
			);
			name = Frameworks;
			sourceTree = "<group>";
		};
		40FB74EF18D7DF3B007AA208 /* ComputerAvailCheck */ = {
			isa = PBXGroup;
			children = (
				40E74C2F19A2574D00E796B4 /* iRate */,
				40FB74F818D7DF3B007AA208 /* BKAppDelegate.h */,
				40FB74F918D7DF3B007AA208 /* BKAppDelegate.m */,
				40FB751818D7DFAB007AA208 /* BKMapViewController.h */,
				40FB751918D7DFAB007AA208 /* BKMapViewController.m */,
				40CAF718196D879700676DDC /* BKBuildingMenuViewController.h */,
				40CAF719196D879700676DDC /* BKBuildingMenuViewController.m */,
				40CAF71A196D879700676DDC /* BKBuildingMenuViewController.xib */,
				40E9A60018FE2D2B006FFA6A /* BKRoomViewController.h */,
				40E9A60118FE2D2B006FFA6A /* BKRoomViewController.m */,
				40E9A60218FE2D2B006FFA6A /* BKRoomViewController.xib */,
				40CE6936194B7AD1003FCEF0 /* Reachability.h */,
				40CE6937194B7AD1003FCEF0 /* Reachability.m */,
				40FB74FB18D7DF3B007AA208 /* Images.xcassets */,
				40FB74F018D7DF3B007AA208 /* Supporting Files */,
			);
			path = ComputerAvailCheck;
			sourceTree = "<group>";
		};
		40FB74F018D7DF3B007AA208 /* Supporting Files */ = {
			isa = PBXGroup;
			children = (
				40FB74F118D7DF3B007AA208 /* ComputerAvailCheck-Info.plist */,
				40FB74F218D7DF3B007AA208 /* InfoPlist.strings */,
				40FB74F518D7DF3B007AA208 /* main.m */,
				40FB74F718D7DF3B007AA208 /* ComputerAvailCheck-Prefix.pch */,
			);
			name = "Supporting Files";
			sourceTree = "<group>";
		};
		40FB750818D7DF3B007AA208 /* ComputerAvailCheckTests */ = {
			isa = PBXGroup;
			children = (
				40FB750E18D7DF3B007AA208 /* ComputerAvailCheckTests.m */,
				40FB750918D7DF3B007AA208 /* Supporting Files */,
			);
			path = ComputerAvailCheckTests;
			sourceTree = "<group>";
		};
		40FB750918D7DF3B007AA208 /* Supporting Files */ = {
			isa = PBXGroup;
			children = (
				40FB750A18D7DF3B007AA208 /* ComputerAvailCheckTests-Info.plist */,
				40FB750B18D7DF3B007AA208 /* InfoPlist.strings */,
			);
			name = "Supporting Files";
			sourceTree = "<group>";
		};
		DBD021B1B37DD37188EF8D3D /* Pods */ = {
			isa = PBXGroup;
			children = (
				94D43E2F64C412AC49BCCAF2 /* Pods.debug.xcconfig */,
				CF1F25C50261A4414A14B3F9 /* Pods.release.xcconfig */,
			);
			name = Pods;
			sourceTree = "<group>";
		};
/* End PBXGroup section */

/* Begin PBXNativeTarget section */
		40FB74E518D7DF3B007AA208 /* ComputerAvailCheck */ = {
			isa = PBXNativeTarget;
			buildConfigurationList = 40FB751218D7DF3B007AA208 /* Build configuration list for PBXNativeTarget "ComputerAvailCheck" */;
			buildPhases = (
				B8D2D848AD3F66DCC6F382D9 /* Check Pods Manifest.lock */,
				40FB74E218D7DF3B007AA208 /* Sources */,
				40FB74E318D7DF3B007AA208 /* Frameworks */,
				40FB74E418D7DF3B007AA208 /* Resources */,
				9D296762CD8FEFA7A2EA7DD1 /* Copy Pods Resources */,
			);
			buildRules = (
			);
			dependencies = (
			);
			name = ComputerAvailCheck;
			productName = ComputerAvailCheck;
			productReference = 40FB74E618D7DF3B007AA208 /* ComputerAvailCheck.app */;
			productType = "com.apple.product-type.application";
		};
		40FB750018D7DF3B007AA208 /* ComputerAvailCheckTests */ = {
			isa = PBXNativeTarget;
			buildConfigurationList = 40FB751518D7DF3B007AA208 /* Build configuration list for PBXNativeTarget "ComputerAvailCheckTests" */;
			buildPhases = (
				40FB74FD18D7DF3B007AA208 /* Sources */,
				40FB74FE18D7DF3B007AA208 /* Frameworks */,
				40FB74FF18D7DF3B007AA208 /* Resources */,
			);
			buildRules = (
			);
			dependencies = (
				40FB750718D7DF3B007AA208 /* PBXTargetDependency */,
			);
			name = ComputerAvailCheckTests;
			productName = ComputerAvailCheckTests;
			productReference = 40FB750118D7DF3B007AA208 /* ComputerAvailCheckTests.xctest */;
			productType = "com.apple.product-type.bundle.unit-test";
		};
/* End PBXNativeTarget section */

/* Begin PBXProject section */
		40FB74DE18D7DF3B007AA208 /* Project object */ = {
			isa = PBXProject;
			attributes = {
				CLASSPREFIX = BK;
				LastUpgradeCheck = 0510;
				ORGANIZATIONNAME = "Penn State";
				TargetAttributes = {
					40FB74E518D7DF3B007AA208 = {
						DevelopmentTeam = TCXFX6H5P2;
					};
					40FB750018D7DF3B007AA208 = {
						TestTargetID = 40FB74E518D7DF3B007AA208;
					};
				};
			};
			buildConfigurationList = 40FB74E118D7DF3B007AA208 /* Build configuration list for PBXProject "ComputerAvailCheck" */;
			compatibilityVersion = "Xcode 3.2";
			developmentRegion = English;
			hasScannedForEncodings = 0;
			knownRegions = (
				en,
			);
			mainGroup = 40FB74DD18D7DF3B007AA208;
			productRefGroup = 40FB74E718D7DF3B007AA208 /* Products */;
			projectDirPath = "";
			projectRoot = "";
			targets = (
				40FB74E518D7DF3B007AA208 /* ComputerAvailCheck */,
				40FB750018D7DF3B007AA208 /* ComputerAvailCheckTests */,
			);
		};
/* End PBXProject section */

/* Begin PBXResourcesBuildPhase section */
		40FB74E418D7DF3B007AA208 /* Resources */ = {
			isa = PBXResourcesBuildPhase;
			buildActionMask = 2147483647;
			files = (
				40E74C3319A2574D00E796B4 /* iRate.bundle in Resources */,
				40FB74F418D7DF3B007AA208 /* InfoPlist.strings in Resources */,
				40CAF71C196D879700676DDC /* BKBuildingMenuViewController.xib in Resources */,
				40E9A60418FE2D2B006FFA6A /* BKRoomViewController.xib in Resources */,
				40FB74FC18D7DF3B007AA208 /* Images.xcassets in Resources */,
				407D45AD1946696C002E7278 /* GoogleMaps.bundle in Resources */,
			);
			runOnlyForDeploymentPostprocessing = 0;
		};
		40FB74FF18D7DF3B007AA208 /* Resources */ = {
			isa = PBXResourcesBuildPhase;
			buildActionMask = 2147483647;
			files = (
				40FB750D18D7DF3B007AA208 /* InfoPlist.strings in Resources */,
			);
			runOnlyForDeploymentPostprocessing = 0;
		};
/* End PBXResourcesBuildPhase section */

/* Begin PBXShellScriptBuildPhase section */
		9D296762CD8FEFA7A2EA7DD1 /* Copy Pods Resources */ = {
			isa = PBXShellScriptBuildPhase;
			buildActionMask = 2147483647;
			files = (
			);
			inputPaths = (
			);
			name = "Copy Pods Resources";
			outputPaths = (
			);
			runOnlyForDeploymentPostprocessing = 0;
			shellPath = /bin/sh;
			shellScript = "\"${SRCROOT}/Pods/Target Support Files/Pods/Pods-resources.sh\"\n";
			showEnvVarsInLog = 0;
		};
		B8D2D848AD3F66DCC6F382D9 /* Check Pods Manifest.lock */ = {
			isa = PBXShellScriptBuildPhase;
			buildActionMask = 2147483647;
			files = (
			);
			inputPaths = (
			);
			name = "Check Pods Manifest.lock";
			outputPaths = (
			);
			runOnlyForDeploymentPostprocessing = 0;
			shellPath = /bin/sh;
			shellScript = "diff \"${PODS_ROOT}/../Podfile.lock\" \"${PODS_ROOT}/Manifest.lock\" > /dev/null\nif [[ $? != 0 ]] ; then\n    cat << EOM\nerror: The sandbox is not in sync with the Podfile.lock. Run 'pod install' or update your CocoaPods installation.\nEOM\n    exit 1\nfi\n";
			showEnvVarsInLog = 0;
		};
/* End PBXShellScriptBuildPhase section */

/* Begin PBXSourcesBuildPhase section */
		40FB74E218D7DF3B007AA208 /* Sources */ = {
			isa = PBXSourcesBuildPhase;
			buildActionMask = 2147483647;
			files = (
				40FB74F618D7DF3B007AA208 /* main.m in Sources */,
				40CAF71B196D879700676DDC /* BKBuildingMenuViewController.m in Sources */,
				40E9A60318FE2D2B006FFA6A /* BKRoomViewController.m in Sources */,
				40FB74FA18D7DF3B007AA208 /* BKAppDelegate.m in Sources */,
				40CE6938194B7AD1003FCEF0 /* Reachability.m in Sources */,
				40E74C3419A2574D00E796B4 /* iRate.m in Sources */,
				40FB751B18D7DFAB007AA208 /* BKMapViewController.m in Sources */,
			);
			runOnlyForDeploymentPostprocessing = 0;
		};
		40FB74FD18D7DF3B007AA208 /* Sources */ = {
			isa = PBXSourcesBuildPhase;
			buildActionMask = 2147483647;
			files = (
				40FB750F18D7DF3B007AA208 /* ComputerAvailCheckTests.m in Sources */,
			);
			runOnlyForDeploymentPostprocessing = 0;
		};
/* End PBXSourcesBuildPhase section */

/* Begin PBXTargetDependency section */
		40FB750718D7DF3B007AA208 /* PBXTargetDependency */ = {
			isa = PBXTargetDependency;
			target = 40FB74E518D7DF3B007AA208 /* ComputerAvailCheck */;
			targetProxy = 40FB750618D7DF3B007AA208 /* PBXContainerItemProxy */;
		};
/* End PBXTargetDependency section */

/* Begin PBXVariantGroup section */
		40FB74F218D7DF3B007AA208 /* InfoPlist.strings */ = {
			isa = PBXVariantGroup;
			children = (
				40FB74F318D7DF3B007AA208 /* en */,
			);
			name = InfoPlist.strings;
			sourceTree = "<group>";
		};
		40FB750B18D7DF3B007AA208 /* InfoPlist.strings */ = {
			isa = PBXVariantGroup;
			children = (
				40FB750C18D7DF3B007AA208 /* en */,
			);
			name = InfoPlist.strings;
			sourceTree = "<group>";
		};
/* End PBXVariantGroup section */

/* Begin XCBuildConfiguration section */
		40FB751018D7DF3B007AA208 /* Debug */ = {
			isa = XCBuildConfiguration;
			buildSettings = {
				ALWAYS_SEARCH_USER_PATHS = NO;
				ARCHS = "$(ARCHS_STANDARD)";
				CLANG_CXX_LANGUAGE_STANDARD = "gnu++0x";
				CLANG_CXX_LIBRARY = "libc++";
				CLANG_ENABLE_MODULES = YES;
				CLANG_ENABLE_OBJC_ARC = YES;
				CLANG_WARN_BOOL_CONVERSION = YES;
				CLANG_WARN_CONSTANT_CONVERSION = YES;
				CLANG_WARN_DIRECT_OBJC_ISA_USAGE = YES_ERROR;
				CLANG_WARN_EMPTY_BODY = YES;
				CLANG_WARN_ENUM_CONVERSION = YES;
				CLANG_WARN_INT_CONVERSION = YES;
				CLANG_WARN_OBJC_ROOT_CLASS = YES_ERROR;
				CLANG_WARN__DUPLICATE_METHOD_MATCH = YES;
				CODE_SIGN_IDENTITY = "iPhone Developer: Bokang Huang (UWS6428YWU)";
				"CODE_SIGN_IDENTITY[sdk=iphoneos*]" = "iPhone Developer: Bokang Huang (UWS6428YWU)";
				COPY_PHASE_STRIP = NO;
				GCC_C_LANGUAGE_STANDARD = gnu99;
				GCC_DYNAMIC_NO_PIC = NO;
				GCC_OPTIMIZATION_LEVEL = 0;
				GCC_PREPROCESSOR_DEFINITIONS = (
					"DEBUG=1",
					"$(inherited)",
				);
				GCC_SYMBOLS_PRIVATE_EXTERN = NO;
				GCC_WARN_64_TO_32_BIT_CONVERSION = YES;
				GCC_WARN_ABOUT_RETURN_TYPE = YES_ERROR;
				GCC_WARN_UNDECLARED_SELECTOR = YES;
				GCC_WARN_UNINITIALIZED_AUTOS = YES_AGGRESSIVE;
				GCC_WARN_UNUSED_FUNCTION = YES;
				GCC_WARN_UNUSED_VARIABLE = YES;
				IPHONEOS_DEPLOYMENT_TARGET = 7.1;
				ONLY_ACTIVE_ARCH = YES;
				OTHER_LDFLAGS = "-ObjC";
				SDKROOT = iphoneos;
			};
			name = Debug;
		};
		40FB751118D7DF3B007AA208 /* Release */ = {
			isa = XCBuildConfiguration;
			buildSettings = {
				ALWAYS_SEARCH_USER_PATHS = NO;
				ARCHS = "$(ARCHS_STANDARD)";
				CLANG_CXX_LANGUAGE_STANDARD = "gnu++0x";
				CLANG_CXX_LIBRARY = "libc++";
				CLANG_ENABLE_MODULES = YES;
				CLANG_ENABLE_OBJC_ARC = YES;
				CLANG_WARN_BOOL_CONVERSION = YES;
				CLANG_WARN_CONSTANT_CONVERSION = YES;
				CLANG_WARN_DIRECT_OBJC_ISA_USAGE = YES_ERROR;
				CLANG_WARN_EMPTY_BODY = YES;
				CLANG_WARN_ENUM_CONVERSION = YES;
				CLANG_WARN_INT_CONVERSION = YES;
				CLANG_WARN_OBJC_ROOT_CLASS = YES_ERROR;
				CLANG_WARN__DUPLICATE_METHOD_MATCH = YES;
				CODE_SIGN_IDENTITY = "iPhone Distribution: Bokang Huang (TCXFX6H5P2)";
				"CODE_SIGN_IDENTITY[sdk=iphoneos*]" = "iPhone Distribution: Bokang Huang (TCXFX6H5P2)";
				COPY_PHASE_STRIP = YES;
				ENABLE_NS_ASSERTIONS = NO;
				GCC_C_LANGUAGE_STANDARD = gnu99;
				GCC_WARN_64_TO_32_BIT_CONVERSION = YES;
				GCC_WARN_ABOUT_RETURN_TYPE = YES_ERROR;
				GCC_WARN_UNDECLARED_SELECTOR = YES;
				GCC_WARN_UNINITIALIZED_AUTOS = YES_AGGRESSIVE;
				GCC_WARN_UNUSED_FUNCTION = YES;
				GCC_WARN_UNUSED_VARIABLE = YES;
				IPHONEOS_DEPLOYMENT_TARGET = 7.1;
				OTHER_LDFLAGS = "-ObjC";
				SDKROOT = iphoneos;
				VALIDATE_PRODUCT = YES;
			};
			name = Release;
		};
		40FB751318D7DF3B007AA208 /* Debug */ = {
			isa = XCBuildConfiguration;
			baseConfigurationReference = 94D43E2F64C412AC49BCCAF2 /* Pods.debug.xcconfig */;
			buildSettings = {
				ARCHS = "$(ARCHS_STANDARD)";
				ASSETCATALOG_COMPILER_APPICON_NAME = AppIcon;
				ASSETCATALOG_COMPILER_LAUNCHIMAGE_NAME = LaunchImage;
				CODE_SIGN_IDENTITY = "iPhone Developer: Bokang Huang (UWS6428YWU)";
				"CODE_SIGN_IDENTITY[sdk=iphoneos*]" = "iPhone Developer: Bokang Huang (UWS6428YWU)";
				FRAMEWORK_SEARCH_PATHS = (
					"$(inherited)",
					"$(PROJECT_DIR)",
				);
				GCC_PRECOMPILE_PREFIX_HEADER = YES;
				GCC_PREFIX_HEADER = "ComputerAvailCheck/ComputerAvailCheck-Prefix.pch";
				INFOPLIST_FILE = "ComputerAvailCheck/ComputerAvailCheck-Info.plist";
				IPHONEOS_DEPLOYMENT_TARGET = 7.1;
				ONLY_ACTIVE_ARCH = YES;
				PRODUCT_NAME = "$(TARGET_NAME)";
				PROVISIONING_PROFILE = "";
				TARGETED_DEVICE_FAMILY = "1,2";
				VALID_ARCHS = "arm64 armv7 armv7s";
				WRAPPER_EXTENSION = app;
			};
			name = Debug;
		};
		40FB751418D7DF3B007AA208 /* Release */ = {
			isa = XCBuildConfiguration;
			baseConfigurationReference = CF1F25C50261A4414A14B3F9 /* Pods.release.xcconfig */;
			buildSettings = {
				ARCHS = "$(ARCHS_STANDARD)";
				ASSETCATALOG_COMPILER_APPICON_NAME = AppIcon;
				ASSETCATALOG_COMPILER_LAUNCHIMAGE_NAME = LaunchImage;
				CODE_SIGN_IDENTITY = "iPhone Distribution: Bokang Huang (TCXFX6H5P2)";
				"CODE_SIGN_IDENTITY[sdk=iphoneos*]" = "iPhone Distribution: Bokang Huang (TCXFX6H5P2)";
				FRAMEWORK_SEARCH_PATHS = (
					"$(inherited)",
					"$(PROJECT_DIR)",
				);
				GCC_PRECOMPILE_PREFIX_HEADER = YES;
				GCC_PREFIX_HEADER = "ComputerAvailCheck/ComputerAvailCheck-Prefix.pch";
				INFOPLIST_FILE = "ComputerAvailCheck/ComputerAvailCheck-Info.plist";
				IPHONEOS_DEPLOYMENT_TARGET = 7.1;
				ONLY_ACTIVE_ARCH = NO;
				PRODUCT_NAME = "$(TARGET_NAME)";
				PROVISIONING_PROFILE = "";
				TARGETED_DEVICE_FAMILY = "1,2";
				VALID_ARCHS = "arm64 armv7 armv7s";
				WRAPPER_EXTENSION = app;
			};
			name = Release;
		};
		40FB751618D7DF3B007AA208 /* Debug */ = {
			isa = XCBuildConfiguration;
			buildSettings = {
				BUNDLE_LOADER = "$(BUILT_PRODUCTS_DIR)/ComputerAvailCheck.app/ComputerAvailCheck";
				FRAMEWORK_SEARCH_PATHS = (
					"$(SDKROOT)/Developer/Library/Frameworks",
					"$(inherited)",
					"$(DEVELOPER_FRAMEWORKS_DIR)",
				);
				GCC_PRECOMPILE_PREFIX_HEADER = YES;
				GCC_PREFIX_HEADER = "ComputerAvailCheck/ComputerAvailCheck-Prefix.pch";
				GCC_PREPROCESSOR_DEFINITIONS = (
					"DEBUG=1",
					"$(inherited)",
				);
				INFOPLIST_FILE = "ComputerAvailCheckTests/ComputerAvailCheckTests-Info.plist";
				PRODUCT_NAME = "$(TARGET_NAME)";
				TEST_HOST = "$(BUNDLE_LOADER)";
				WRAPPER_EXTENSION = xctest;
			};
			name = Debug;
		};
		40FB751718D7DF3B007AA208 /* Release */ = {
			isa = XCBuildConfiguration;
			buildSettings = {
				BUNDLE_LOADER = "$(BUILT_PRODUCTS_DIR)/ComputerAvailCheck.app/ComputerAvailCheck";
				FRAMEWORK_SEARCH_PATHS = (
					"$(SDKROOT)/Developer/Library/Frameworks",
					"$(inherited)",
					"$(DEVELOPER_FRAMEWORKS_DIR)",
				);
				GCC_PRECOMPILE_PREFIX_HEADER = YES;
				GCC_PREFIX_HEADER = "ComputerAvailCheck/ComputerAvailCheck-Prefix.pch";
				INFOPLIST_FILE = "ComputerAvailCheckTests/ComputerAvailCheckTests-Info.plist";
				PRODUCT_NAME = "$(TARGET_NAME)";
				TEST_HOST = "$(BUNDLE_LOADER)";
				WRAPPER_EXTENSION = xctest;
			};
			name = Release;
		};
/* End XCBuildConfiguration section */

/* Begin XCConfigurationList section */
		40FB74E118D7DF3B007AA208 /* Build configuration list for PBXProject "ComputerAvailCheck" */ = {
			isa = XCConfigurationList;
			buildConfigurations = (
				40FB751018D7DF3B007AA208 /* Debug */,
				40FB751118D7DF3B007AA208 /* Release */,
			);
			defaultConfigurationIsVisible = 0;
			defaultConfigurationName = Release;
		};
		40FB751218D7DF3B007AA208 /* Build configuration list for PBXNativeTarget "ComputerAvailCheck" */ = {
			isa = XCConfigurationList;
			buildConfigurations = (
				40FB751318D7DF3B007AA208 /* Debug */,
				40FB751418D7DF3B007AA208 /* Release */,
			);
			defaultConfigurationIsVisible = 0;
			defaultConfigurationName = Release;
		};
		40FB751518D7DF3B007AA208 /* Build configuration list for PBXNativeTarget "ComputerAvailCheckTests" */ = {
			isa = XCConfigurationList;
			buildConfigurations = (
				40FB751618D7DF3B007AA208 /* Debug */,
				40FB751718D7DF3B007AA208 /* Release */,
			);
			defaultConfigurationIsVisible = 0;
			defaultConfigurationName = Release;
		};
/* End XCConfigurationList section */
	};
	rootObject = 40FB74DE18D7DF3B007AA208 /* Project object */;
}
